
Microsoft Visual Studio Solution File, Format Version 12.00
# Visual Studio Version 17
VisualStudioVersion = 17.5.001.0
MinimumVisualStudioVersion = 10.0.40219.1
Project("{9A19103F-16F7-4668-BE54-9A1E7A4F7556}") = "ParticleSystem-SFML-DOTNET", "ParticleSystem-SFML-DOTNET.csproj", "{7F79D200-C20D-49BD-B1F8-0815C149E203}"
EndProject
Global
	GlobalSection(SolutionConfigurationPlatforms) = preSolution
		Debug|Any CPU = Debug|Any CPU
		Release|Any CPU = Release|Any CPU
	EndGlobalSection
	GlobalSection(ProjectConfigurationPlatforms) = postSolution
		{7F79D200-C20D-49BD-B1F8-0815C149E203}.Debug|Any CPU.ActiveCfg = Debug|Any CPU
		{7F79D200-C20D-49BD-B1F8-0815C149E203}.Debug|Any CPU.Build.0 = Debug|Any CPU
		{7F79D200-C20D-49BD-B1F8-0815C149E203}.Release|Any CPU.ActiveCfg = Release|Any CPU
		{7F79D200-C20D-49BD-B1F8-0815C149E203}.Release|Any CPU.Build.0 = Release|Any CPU
	EndGlobalSection
	GlobalSection(SolutionProperties) = preSolution
		HideSolutionNode = FALSE
	EndGlobalSection
	GlobalSection(ExtensibilityGlobals) = postSolution
		SolutionGuid = {3AFDB275-9DBD-4481-B889-06BD9396B849}
	EndGlobalSection
EndGlobal
